
Microsoft Visual Studio Solution File, Format Version 12.00
# Visual Studio Version 16
VisualStudioVersion = 16.0.30907.101
MinimumVisualStudioVersion = 10.0.40219.1
Project("{FAE04EC0-301F-11D3-BF4B-00C04F79EFBC}") = "ECommerceApp.DomainLayer", "ECommerceApp.DomainLayer\ECommerceApp.DomainLayer.csproj", "{FF24818A-9EFF-448B-BD11-31B64F572F4B}"
EndProject
Project("{FAE04EC0-301F-11D3-BF4B-00C04F79EFBC}") = "ECommerceApp.InfrastructureLayer", "ECommerceApp.InfrastructureLayer\ECommerceApp.InfrastructureLayer.csproj", "{10A7419B-533C-4102-AC81-AD4EB75B2C05}"
EndProject
Global
	GlobalSection(SolutionConfigurationPlatforms) = preSolution
		Debug|Any CPU = Debug|Any CPU
		Release|Any CPU = Release|Any CPU
	EndGlobalSection
	GlobalSection(ProjectConfigurationPlatforms) = postSolution
		{FF24818A-9EFF-448B-BD11-31B64F572F4B}.Debug|Any CPU.ActiveCfg = Debug|Any CPU
		{FF24818A-9EFF-448B-BD11-31B64F572F4B}.Debug|Any CPU.Build.0 = Debug|Any CPU
		{FF24818A-9EFF-448B-BD11-31B64F572F4B}.Release|Any CPU.ActiveCfg = Release|Any CPU
		{FF24818A-9EFF-448B-BD11-31B64F572F4B}.Release|Any CPU.Build.0 = Release|Any CPU
		{10A7419B-533C-4102-AC81-AD4EB75B2C05}.Debug|Any CPU.ActiveCfg = Debug|Any CPU
		{10A7419B-533C-4102-AC81-AD4EB75B2C05}.Debug|Any CPU.Build.0 = Debug|Any CPU
		{10A7419B-533C-4102-AC81-AD4EB75B2C05}.Release|Any CPU.ActiveCfg = Release|Any CPU
		{10A7419B-533C-4102-AC81-AD4EB75B2C05}.Release|Any CPU.Build.0 = Release|Any CPU
	EndGlobalSection
	GlobalSection(SolutionProperties) = preSolution
		HideSolutionNode = FALSE
	EndGlobalSection
	GlobalSection(ExtensibilityGlobals) = postSolution
		SolutionGuid = {635E3C99-07F2-466E-881C-B8F77F03833B}
	EndGlobalSection
EndGlobal
